
Microsoft Visual Studio Solution File, Format Version 12.00
# Visual Studio Version 16
VisualStudioVersion = 16.0.29025.244
MinimumVisualStudioVersion = 10.0.40219.1
Project("{9A19103F-16F7-4668-BE54-9A1E7A4F7556}") = "Master40", "Master40\Master40.csproj", "{F2017DAA-0844-4782-9AC1-0AB19362C0C9}"
EndProject
Project("{9A19103F-16F7-4668-BE54-9A1E7A4F7556}") = "Master40.DB", "Master40.DB\Master40.DB.csproj", "{5D68118C-63A6-4598-BDFB-BA10B210F166}"
EndProject
Project("{9A19103F-16F7-4668-BE54-9A1E7A4F7556}") = "Master40.XUnitTest", "Master40.XUnitTest\Master40.XUnitTest.csproj", "{F72DDFFA-76B9-4187-B5CF-135D5F0D2D0B}"
EndProject
Project("{9A19103F-16F7-4668-BE54-9A1E7A4F7556}") = "Master40.Simulation", "Master40.Simulation\Master40.Simulation.csproj", "{2A774D29-6D02-4F5A-88E3-69E5C8469837}"
EndProject
Project("{9A19103F-16F7-4668-BE54-9A1E7A4F7556}") = "Master40.Tools", "Master40.Tools\Master40.Tools.csproj", "{F486DE2D-2B6D-4DE7-852B-9E6A8BAE2CC1}"
EndProject
Project("{9A19103F-16F7-4668-BE54-9A1E7A4F7556}") = "Master40.SimulationCore", "Master40.SimulationCore\Master40.SimulationCore.csproj", "{4AE71AC2-7C23-4D63-B6D7-E796A4D0E764}"
EndProject
Project("{6EC3EE1D-3C4E-46DD-8F32-0CC8E7565705}") = "Master40.SimulationImmutables", "Master40.SimulationImmutables\Master40.SimulationImmutables.fsproj", "{8842516A-909A-48A2-8062-CD87129DE81A}"
EndProject
Project("{9A19103F-16F7-4668-BE54-9A1E7A4F7556}") = "Zpp", "Zpp\Zpp.csproj", "{4213C18C-CA95-4549-AC7A-763ABD7EA1D8}"
EndProject
Global
	GlobalSection(SolutionConfigurationPlatforms) = preSolution
		Debug|Any CPU = Debug|Any CPU
		Debug|x64 = Debug|x64
		Release|Any CPU = Release|Any CPU
		Release|x64 = Release|x64
	EndGlobalSection
	GlobalSection(ProjectConfigurationPlatforms) = postSolution
		{F2017DAA-0844-4782-9AC1-0AB19362C0C9}.Debug|Any CPU.ActiveCfg = Debug|Any CPU
		{F2017DAA-0844-4782-9AC1-0AB19362C0C9}.Debug|Any CPU.Build.0 = Debug|Any CPU
		{F2017DAA-0844-4782-9AC1-0AB19362C0C9}.Debug|x64.ActiveCfg = Debug|x64
		{F2017DAA-0844-4782-9AC1-0AB19362C0C9}.Debug|x64.Build.0 = Debug|x64
		{F2017DAA-0844-4782-9AC1-0AB19362C0C9}.Release|Any CPU.ActiveCfg = Release|Any CPU
		{F2017DAA-0844-4782-9AC1-0AB19362C0C9}.Release|Any CPU.Build.0 = Release|Any CPU
		{F2017DAA-0844-4782-9AC1-0AB19362C0C9}.Release|x64.ActiveCfg = Release|x64
		{F2017DAA-0844-4782-9AC1-0AB19362C0C9}.Release|x64.Build.0 = Release|x64
		{5D68118C-63A6-4598-BDFB-BA10B210F166}.Debug|Any CPU.ActiveCfg = Debug|Any CPU
		{5D68118C-63A6-4598-BDFB-BA10B210F166}.Debug|Any CPU.Build.0 = Debug|Any CPU
		{5D68118C-63A6-4598-BDFB-BA10B210F166}.Debug|x64.ActiveCfg = Debug|Any CPU
		{5D68118C-63A6-4598-BDFB-BA10B210F166}.Debug|x64.Build.0 = Debug|Any CPU
		{5D68118C-63A6-4598-BDFB-BA10B210F166}.Release|Any CPU.ActiveCfg = Release|Any CPU
		{5D68118C-63A6-4598-BDFB-BA10B210F166}.Release|Any CPU.Build.0 = Release|Any CPU
		{5D68118C-63A6-4598-BDFB-BA10B210F166}.Release|x64.ActiveCfg = Release|Any CPU
		{5D68118C-63A6-4598-BDFB-BA10B210F166}.Release|x64.Build.0 = Release|Any CPU
		{F72DDFFA-76B9-4187-B5CF-135D5F0D2D0B}.Debug|Any CPU.ActiveCfg = Debug|Any CPU
		{F72DDFFA-76B9-4187-B5CF-135D5F0D2D0B}.Debug|Any CPU.Build.0 = Debug|Any CPU
		{F72DDFFA-76B9-4187-B5CF-135D5F0D2D0B}.Debug|x64.ActiveCfg = Debug|Any CPU
		{F72DDFFA-76B9-4187-B5CF-135D5F0D2D0B}.Debug|x64.Build.0 = Debug|Any CPU
		{F72DDFFA-76B9-4187-B5CF-135D5F0D2D0B}.Release|Any CPU.ActiveCfg = Release|Any CPU
		{F72DDFFA-76B9-4187-B5CF-135D5F0D2D0B}.Release|Any CPU.Build.0 = Release|Any CPU
		{F72DDFFA-76B9-4187-B5CF-135D5F0D2D0B}.Release|x64.ActiveCfg = Release|Any CPU
		{F72DDFFA-76B9-4187-B5CF-135D5F0D2D0B}.Release|x64.Build.0 = Release|Any CPU
		{2A774D29-6D02-4F5A-88E3-69E5C8469837}.Debug|Any CPU.ActiveCfg = Debug|Any CPU
		{2A774D29-6D02-4F5A-88E3-69E5C8469837}.Debug|Any CPU.Build.0 = Debug|Any CPU
		{2A774D29-6D02-4F5A-88E3-69E5C8469837}.Debug|x64.ActiveCfg = Debug|Any CPU
		{2A774D29-6D02-4F5A-88E3-69E5C8469837}.Debug|x64.Build.0 = Debug|Any CPU
		{2A774D29-6D02-4F5A-88E3-69E5C8469837}.Release|Any CPU.ActiveCfg = Release|Any CPU
		{2A774D29-6D02-4F5A-88E3-69E5C8469837}.Release|Any CPU.Build.0 = Release|Any CPU
		{2A774D29-6D02-4F5A-88E3-69E5C8469837}.Release|x64.ActiveCfg = Release|Any CPU
		{2A774D29-6D02-4F5A-88E3-69E5C8469837}.Release|x64.Build.0 = Release|Any CPU
		{F486DE2D-2B6D-4DE7-852B-9E6A8BAE2CC1}.Debug|Any CPU.ActiveCfg = Debug|Any CPU
		{F486DE2D-2B6D-4DE7-852B-9E6A8BAE2CC1}.Debug|Any CPU.Build.0 = Debug|Any CPU
		{F486DE2D-2B6D-4DE7-852B-9E6A8BAE2CC1}.Debug|x64.ActiveCfg = Debug|Any CPU
		{F486DE2D-2B6D-4DE7-852B-9E6A8BAE2CC1}.Debug|x64.Build.0 = Debug|Any CPU
		{F486DE2D-2B6D-4DE7-852B-9E6A8BAE2CC1}.Release|Any CPU.ActiveCfg = Release|Any CPU
		{F486DE2D-2B6D-4DE7-852B-9E6A8BAE2CC1}.Release|Any CPU.Build.0 = Release|Any CPU
		{F486DE2D-2B6D-4DE7-852B-9E6A8BAE2CC1}.Release|x64.ActiveCfg = Release|Any CPU
		{F486DE2D-2B6D-4DE7-852B-9E6A8BAE2CC1}.Release|x64.Build.0 = Release|Any CPU
		{4AE71AC2-7C23-4D63-B6D7-E796A4D0E764}.Debug|Any CPU.ActiveCfg = Debug|Any CPU
		{4AE71AC2-7C23-4D63-B6D7-E796A4D0E764}.Debug|Any CPU.Build.0 = Debug|Any CPU
		{4AE71AC2-7C23-4D63-B6D7-E796A4D0E764}.Debug|x64.ActiveCfg = Debug|Any CPU
		{4AE71AC2-7C23-4D63-B6D7-E796A4D0E764}.Debug|x64.Build.0 = Debug|Any CPU
		{4AE71AC2-7C23-4D63-B6D7-E796A4D0E764}.Release|Any CPU.ActiveCfg = Release|Any CPU
		{4AE71AC2-7C23-4D63-B6D7-E796A4D0E764}.Release|Any CPU.Build.0 = Release|Any CPU
		{4AE71AC2-7C23-4D63-B6D7-E796A4D0E764}.Release|x64.ActiveCfg = Release|Any CPU
		{4AE71AC2-7C23-4D63-B6D7-E796A4D0E764}.Release|x64.Build.0 = Release|Any CPU
		{8842516A-909A-48A2-8062-CD87129DE81A}.Debug|Any CPU.ActiveCfg = Debug|Any CPU
		{8842516A-909A-48A2-8062-CD87129DE81A}.Debug|Any CPU.Build.0 = Debug|Any CPU
		{8842516A-909A-48A2-8062-CD87129DE81A}.Debug|x64.ActiveCfg = Debug|Any CPU
		{8842516A-909A-48A2-8062-CD87129DE81A}.Debug|x64.Build.0 = Debug|Any CPU
		{8842516A-909A-48A2-8062-CD87129DE81A}.Release|Any CPU.ActiveCfg = Release|Any CPU
		{8842516A-909A-48A2-8062-CD87129DE81A}.Release|Any CPU.Build.0 = Release|Any CPU
		{8842516A-909A-48A2-8062-CD87129DE81A}.Release|x64.ActiveCfg = Release|Any CPU
		{8842516A-909A-48A2-8062-CD87129DE81A}.Release|x64.Build.0 = Release|Any CPU
		{4213C18C-CA95-4549-AC7A-763ABD7EA1D8}.Debug|Any CPU.ActiveCfg = Debug|Any CPU
		{4213C18C-CA95-4549-AC7A-763ABD7EA1D8}.Debug|Any CPU.Build.0 = Debug|Any CPU
		{4213C18C-CA95-4549-AC7A-763ABD7EA1D8}.Debug|x64.ActiveCfg = Debug|Any CPU
		{4213C18C-CA95-4549-AC7A-763ABD7EA1D8}.Debug|x64.Build.0 = Debug|Any CPU
		{4213C18C-CA95-4549-AC7A-763ABD7EA1D8}.Release|Any CPU.ActiveCfg = Release|Any CPU
		{4213C18C-CA95-4549-AC7A-763ABD7EA1D8}.Release|Any CPU.Build.0 = Release|Any CPU
		{4213C18C-CA95-4549-AC7A-763ABD7EA1D8}.Release|x64.ActiveCfg = Release|Any CPU
		{4213C18C-CA95-4549-AC7A-763ABD7EA1D8}.Release|x64.Build.0 = Release|Any CPU
	EndGlobalSection
	GlobalSection(SolutionProperties) = preSolution
		HideSolutionNode = FALSE
	EndGlobalSection
	GlobalSection(ExtensibilityGlobals) = postSolution
		SolutionGuid = {DDB144B5-AC8E-4B53-B435-E5561E5CDDA9}
	EndGlobalSection
	GlobalSection(Performance) = preSolution
		HasPerformanceSessions = true
	EndGlobalSection
	GlobalSection(Performance) = preSolution
		HasPerformanceSessions = true
	EndGlobalSection
EndGlobal
