
Microsoft Visual Studio Solution File, Format Version 11.00
# Visual Studio 2010
Project("{FAE04EC0-301F-11D3-BF4B-00C04F79EFBC}") = "SharpSimExamples", "SharpSimExamples.csproj", "{EAC27C2B-74F2-4C49-AA26-5A51DF74A9EE}"
EndProject
Global
	GlobalSection(SolutionConfigurationPlatforms) = preSolution
		Debug|Any CPU = Debug|Any CPU
		Debug|x86 = Debug|x86
		Release|Any CPU = Release|Any CPU
		Release|x86 = Release|x86
	EndGlobalSection
	GlobalSection(ProjectConfigurationPlatforms) = postSolution
		{EAC27C2B-74F2-4C49-AA26-5A51DF74A9EE}.Debug|Any CPU.ActiveCfg = Debug|Any CPU
		{EAC27C2B-74F2-4C49-AA26-5A51DF74A9EE}.Debug|Any CPU.Build.0 = Debug|Any CPU
		{EAC27C2B-74F2-4C49-AA26-5A51DF74A9EE}.Debug|x86.ActiveCfg = Debug|Any CPU
		{EAC27C2B-74F2-4C49-AA26-5A51DF74A9EE}.Release|Any CPU.ActiveCfg = Release|Any CPU
		{EAC27C2B-74F2-4C49-AA26-5A51DF74A9EE}.Release|Any CPU.Build.0 = Release|Any CPU
		{EAC27C2B-74F2-4C49-AA26-5A51DF74A9EE}.Release|x86.ActiveCfg = Release|Any CPU
	EndGlobalSection
	GlobalSection(SolutionProperties) = preSolution
		HideSolutionNode = FALSE
	EndGlobalSection
EndGlobal
